{
  "name": "e-halal",
  "version": "1.0.0",
  "lockfileVersion": 3,
  "requires": true,
  "packages": {
    "": {
      "name": "e-halal",
      "version": "1.0.0",
      "license": "ISC",
      "dependencies": {
        "@fancyapps/ui": "^5.0.36",
        "@popperjs/core": "^2.11.8",
        "blueimp-file-upload": "^10.32.0",
        "bootstrap": "3.3.7",
        "bootstrap-colorpicker": "2.5.3",
        "bootstrap-datepicker": "1.9.0",
        "bootstrap-daterangepicker": "2.1.27",
        "bootstrap-slider": "9.8.1",
        "bootstrap-timepicker": "0.5.2",
        "chart.js": "^4.4.8",
        "ckeditor": "4.7.3",
        "datatables.net": "1.10.15",
        "datatables.net-bs": "1.10.15",
        "fastclick": "1.0.6",
        "flot": "0.8.3",
        "font-awesome": "4.7.0",
        "fullcalendar": "3.4.0",
        "icheck": "^1.0.2",
        "inputmask": "3.3.7",
        "ion-rangeslider": "2.1.7",
        "ionicons": "2.0.1",
        "jquery": "2.2.4",
        "jquery-knob": "1.2.11",
        "jquery-slimscroll": "1.3.8",
        "jquery-sparkline": "2.4.0",
        "jquery-ui": "1.12.1",
        "jvectormap": "2.0.4",
        "moment": "2.18.1",
        "morris.js": "0.5.0",
        "pace-js": "1.0.2",
        "raphael": "2.2.7",
        "select2": "4.0.3",
        "sweetalert2": "^11.17.2"
      },
      "devDependencies": {
        "mocha": "3.4.2"
      }
    },
    "node_modules/@fancyapps/ui": {
      "version": "5.0.36",
      "resolved": "https://registry.npmjs.org/@fancyapps/ui/-/ui-5.0.36.tgz",
      "integrity": "sha512-GMygQzp1MBTFNTT6AzpbL6pXTD6bTxwjmmpI1fe8Ozmmiseu8/g82Sudl1YhcbZmS4bJgaBOF5THDFGpXQ1fDw==",
      "license": "SEE LICENSE IN LICENSE.md"
    },
    "node_modules/@kurkle/color": {
      "version": "0.3.4",
      "resolved": "https://registry.npmjs.org/@kurkle/color/-/color-0.3.4.tgz",
      "integrity": "sha512-M5UknZPHRu3DEDWoipU6sE8PdkZ6Z/S+v4dD+Ke8IaNlpdSQah50lz1KtcFBa2vsdOnwbbnxJwVM4wty6udA5w==",
      "license": "MIT"
    },
    "node_modules/@popperjs/core": {
      "version": "2.11.8",
      "resolved": "https://registry.npmjs.org/@popperjs/core/-/core-2.11.8.tgz",
      "integrity": "sha512-P1st0aksCrn9sGZhp8GMYwBnQsbvAWsZAX44oXNNvLHGqAOcoVxmjZiohstwQ7SqKnbR47akdNi+uleWD8+g6A==",
      "license": "MIT",
      "funding": {
        "type": "opencollective",
        "url": "https://opencollective.com/popperjs"
      }
    },
    "node_modules/almond": {
      "version": "0.3.3",
      "resolved": "https://registry.npmjs.org/almond/-/almond-0.3.3.tgz",
      "integrity": "sha512-Eh5QhyxrKnTI0OuGpwTRvzRrnu1NF3F2kbQJRwpXj/uMy0uycwqw2/RhdDrD1cBTD1JFFHFrxGIU8HQztowR0g==",
      "license": "MIT",
      "engines": {
        "node": ">=0.4.0"
      }
    },
    "node_modules/balanced-match": {
      "version": "1.0.2",
      "resolved": "https://registry.npmjs.org/balanced-match/-/balanced-match-1.0.2.tgz",
      "integrity": "sha512-3oSeUO0TMV67hN1AmbXsK4yaqU7tjiHlbxRDZOpH0KW9+CeX4bRAaX0Anxt0tx2MrpRpWwQaPwIlISEJhYU5Pw==",
      "dev": true,
      "license": "MIT"
    },
    "node_modules/blueimp-canvas-to-blob": {
      "version": "3.29.0",
      "resolved": "https://registry.npmjs.org/blueimp-canvas-to-blob/-/blueimp-canvas-to-blob-3.29.0.tgz",
      "integrity": "sha512-0pcSSGxC0QxT+yVkivxIqW0Y4VlO2XSDPofBAqoJ1qJxgH9eiUDLv50Rixij2cDuEfx4M6DpD9UGZpRhT5Q8qg==",
      "license": "MIT",
      "optional": true
    },
    "node_modules/blueimp-file-upload": {
      "version": "10.32.0",
      "resolved": "https://registry.npmjs.org/blueimp-file-upload/-/blueimp-file-upload-10.32.0.tgz",
      "integrity": "sha512-3WMJw5Cbfz94Adl1OeyH+rRpGwHiNHzja+CR6aRWPoAtwrUwvP5gXKo0XdX+sdPE+iCU63Xmba88hoHQmzY8RQ==",
      "license": "MIT",
      "optionalDependencies": {
        "blueimp-canvas-to-blob": "3",
        "blueimp-load-image": "5",
        "blueimp-tmpl": "3"
      },
      "peerDependencies": {
        "jquery": ">=1.7"
      }
    },
    "node_modules/blueimp-load-image": {
      "version": "5.16.0",
      "resolved": "https://registry.npmjs.org/blueimp-load-image/-/blueimp-load-image-5.16.0.tgz",
      "integrity": "sha512-3DUSVdOtlfNRk7moRZuTwDmA3NnG8KIJuLcq3c0J7/BIr6X3Vb/EpX3kUH1joxUhmoVF4uCpDfz7wHkz8pQajA==",
      "license": "MIT",
      "optional": true
    },
    "node_modules/blueimp-tmpl": {
      "version": "3.20.0",
      "resolved": "https://registry.npmjs.org/blueimp-tmpl/-/blueimp-tmpl-3.20.0.tgz",
      "integrity": "sha512-g6ln9L+VX8ZA4WA8mgKMethYH+5teroJ2uOkCvcthy9Y9d9LrQ42OAMn+r3ECKu9CB+xe9GOChlIUJBSxwkI6g==",
      "license": "MIT",
      "optional": true,
      "bin": {
        "tmpl.js": "js/compile.js"
      }
    },
    "node_modules/bootstrap": {
      "version": "3.3.7",
      "resolved": "https://registry.npmjs.org/bootstrap/-/bootstrap-3.3.7.tgz",
      "integrity": "sha512-qcFaisBrcBhTFkz1IUnGDYnX6ZWfFzH8zOixUDtHW9Ip+r+7MfMFav2rzy7cIHc7rgIg7xjhWBoo1mS/U26j4g==",
      "license": "MIT",
      "engines": {
        "node": ">=0.10.1"
      }
    },
    "node_modules/bootstrap-colorpicker": {
      "version": "2.5.3",
      "license": "Apache-2.0",
      "dependencies": {
        "jquery": ">=1.10"
      }
    },
    "node_modules/bootstrap-datepicker": {
      "version": "1.9.0",
      "resolved": "https://registry.npmjs.org/bootstrap-datepicker/-/bootstrap-datepicker-1.9.0.tgz",
      "integrity": "sha512-9rYYbaVOheGYxjOr/+bJCmRPihfy+LkLSg4fIFMT9Od8WwWB/MB50w0JO1eBgKUMbb7PFHQD5uAfI3ArAxZRXA==",
      "license": "Apache-2.0",
      "dependencies": {
        "jquery": ">=1.7.1 <4.0.0"
      }
    },
    "node_modules/bootstrap-daterangepicker": {
      "version": "2.1.27",
      "resolved": "https://registry.npmjs.org/bootstrap-daterangepicker/-/bootstrap-daterangepicker-2.1.27.tgz",
      "integrity": "sha512-VutNHszlzCNDoSl2IZ8AaPcu1pFZS7HMlDQdK8nxPryDFro8mKqjar+iueb1Yz/3DOYNTtS4YOAX7UrdwiD7xA==",
      "license": "MIT",
      "dependencies": {
        "jquery": ">=1.10",
        "moment": "^2.9.0"
      }
    },
    "node_modules/bootstrap-slider": {
      "version": "9.8.1",
      "resolved": "https://registry.npmjs.org/bootstrap-slider/-/bootstrap-slider-9.8.1.tgz",
      "integrity": "sha512-IJx3GycHPZi58Pv2IjZsJKETgoJdSBl08iS4CLqG/hBGw7oe0nMeD6XcjrLjQpn/mdgCDwhPX/DzIZpoLqGF0A==",
      "license": "MIT"
    },
    "node_modules/bootstrap-timepicker": {
      "version": "0.5.2",
      "license": "MIT"
    },
    "node_modules/brace-expansion": {
      "version": "1.1.11",
      "resolved": "https://registry.npmjs.org/brace-expansion/-/brace-expansion-1.1.11.tgz",
      "integrity": "sha512-iCuPHDFgrHX7H2vEI/5xpz07zSHB00TpugqhmYtVmMO6518mCuRMoOYFldEBl0g187ufozdaHgWKcYFb61qGiA==",
      "dev": true,
      "license": "MIT",
      "dependencies": {
        "balanced-match": "^1.0.0",
        "concat-map": "0.0.1"
      }
    },
    "node_modules/browser-stdout": {
      "version": "1.3.0",
      "resolved": "https://registry.npmjs.org/browser-stdout/-/browser-stdout-1.3.0.tgz",
      "integrity": "sha512-7Rfk377tpSM9TWBEeHs0FlDZGoAIei2V/4MdZJoFMBFAK6BqLpxAIUepGRHGdPFgGsLb02PXovC4qddyHvQqTg==",
      "dev": true,
      "license": "ISC"
    },
    "node_modules/chart.js": {
      "version": "4.4.8",
      "resolved": "https://registry.npmjs.org/chart.js/-/chart.js-4.4.8.tgz",
      "integrity": "sha512-IkGZlVpXP+83QpMm4uxEiGqSI7jFizwVtF3+n5Pc3k7sMO+tkd0qxh2OzLhenM0K80xtmAONWGBn082EiBQSDA==",
      "license": "MIT",
      "dependencies": {
        "@kurkle/color": "^0.3.0"
      },
      "engines": {
        "pnpm": ">=8"
      }
    },
    "node_modules/ckeditor": {
      "version": "4.7.3",
      "resolved": "https://registry.npmjs.org/ckeditor/-/ckeditor-4.7.3.tgz",
      "integrity": "sha512-Ze1HXKQ1GCGDem6UXW9bd9Rnu/6VF9oAlBdJO3DG9ulRLkCMka7gPi8BLFwJsf4pOp9ZgDLqrZt9UyRD5ZoQHA==",
      "deprecated": "We have renamed the @ckeditor package. New versions are available under the @ckeditor4 name.",
      "license": "(GPL-2.0 OR LGPL-2.1 OR MPL-1.1)"
    },
    "node_modules/commander": {
      "version": "2.9.0",
      "resolved": "https://registry.npmjs.org/commander/-/commander-2.9.0.tgz",
      "integrity": "sha512-bmkUukX8wAOjHdN26xj5c4ctEV22TQ7dQYhSmuckKhToXrkUn0iIaolHdIxYYqD55nhpSPA9zPQ1yP57GdXP2A==",
      "dev": true,
      "license": "MIT",
      "dependencies": {
        "graceful-readlink": ">= 1.0.0"
      },
      "engines": {
        "node": ">= 0.6.x"
      }
    },
    "node_modules/concat-map": {
      "version": "0.0.1",
      "resolved": "https://registry.npmjs.org/concat-map/-/concat-map-0.0.1.tgz",
      "integrity": "sha512-/Srv4dswyQNBfohGpz9o6Yb3Gz3SrUDqBH5rTuhGR7ahtlbYKnVxw2bCFMRljaA7EXHaXZ8wsHdodFvbkhKmqg==",
      "dev": true,
      "license": "MIT"
    },
    "node_modules/datatables.net": {
      "version": "1.10.15",
      "resolved": "https://registry.npmjs.org/datatables.net/-/datatables.net-1.10.15.tgz",
      "integrity": "sha512-nQTWYbTi9XkICR3t97OMyFfS0/FJM8I+Rf3/qK5gsPI4iRJZpPUaeaileNZJKaO1za70PtC0FrX8vIgCECQmjA==",
      "license": "MIT",
      "dependencies": {
        "jquery": ">=1.7"
      }
    },
    "node_modules/datatables.net-bs": {
      "version": "1.10.15",
      "resolved": "https://registry.npmjs.org/datatables.net-bs/-/datatables.net-bs-1.10.15.tgz",
      "integrity": "sha512-Jq7KZpx9bP9xoAqlMjmKlZeUtta5c4O98o3rExa88KwRflfeGElr7RkIxo+jbJH4BW8j2CsSqTQglAGBHcsk5w==",
      "license": "MIT",
      "dependencies": {
        "datatables.net": ">=1.10.9",
        "jquery": ">=1.7"
      }
    },
    "node_modules/debug": {
      "version": "2.6.0",
      "resolved": "https://registry.npmjs.org/debug/-/debug-2.6.0.tgz",
      "integrity": "sha512-XMYwiKKX0jdij1QRlpYn0O6gks0hW3iYUsx/h/RLPKouDGVeun2wlMYl29C85KBjnv1vw2vj+yti1ziHsXd7cg==",
      "dev": true,
      "license": "MIT",
      "dependencies": {
        "ms": "0.7.2"
      }
    },
    "node_modules/diff": {
      "version": "3.2.0",
      "resolved": "https://registry.npmjs.org/diff/-/diff-3.2.0.tgz",
      "integrity": "sha512-597ykPFhtJYaXqPq6fF7Vl1fXTKgPdLOntyxpmdzUOKiYGqK7zcnbplj5088+8qJnWdzXhyeau5iVr8HVo9dgg==",
      "dev": true,
      "license": "BSD-3-Clause",
      "engines": {
        "node": ">=0.3.1"
      }
    },
    "node_modules/escape-string-regexp": {
      "version": "1.0.5",
      "resolved": "https://registry.npmjs.org/escape-string-regexp/-/escape-string-regexp-1.0.5.tgz",
      "integrity": "sha512-vbRorB5FUQWvla16U8R/qgaFIya2qGzwDrNmCZuYKrbdSUMG6I1ZCGQRefkRVhuOkIGVne7BQ35DSfo1qvJqFg==",
      "dev": true,
      "license": "MIT",
      "engines": {
        "node": ">=0.8.0"
      }
    },
    "node_modules/eve-raphael": {
      "version": "0.5.0"
    },
    "node_modules/fastclick": {
      "version": "1.0.6"
    },
    "node_modules/flot": {
      "version": "0.8.3"
    },
    "node_modules/font-awesome": {
      "version": "4.7.0",
      "resolved": "https://registry.npmjs.org/font-awesome/-/font-awesome-4.7.0.tgz",
      "integrity": "sha512-U6kGnykA/6bFmg1M/oT9EkFeIYv7JlX3bozwQJWiiLz6L0w3F5vBVPxHlwyX/vtNq1ckcpRKOB9f2Qal/VtFpg==",
      "license": "(OFL-1.1 AND MIT)",
      "engines": {
        "node": ">=0.10.3"
      }
    },
    "node_modules/fs.realpath": {
      "version": "1.0.0",
      "resolved": "https://registry.npmjs.org/fs.realpath/-/fs.realpath-1.0.0.tgz",
      "integrity": "sha512-OO0pH2lK6a0hZnAdau5ItzHPI6pUlvI7jMVnxUQRtw4owF2wk8lOSabtGDCTP4Ggrg2MbGnWO9X8K1t4+fGMDw==",
      "dev": true,
      "license": "ISC"
    },
    "node_modules/fullcalendar": {
      "version": "3.4.0",
      "resolved": "https://registry.npmjs.org/fullcalendar/-/fullcalendar-3.4.0.tgz",
      "integrity": "sha512-xtRW6PdJ1P/Xb36yPBfqcbgMzhy0s722yVJY+mI8j6VxwdrT1guEfgWoJSZ/ErV4Oby3/0kUgYXaBUIPHpefNA==",
      "license": "MIT",
      "dependencies": {
        "jquery": "2 - 3",
        "moment": "^2.9.0"
      }
    },
    "node_modules/glob": {
      "version": "7.1.1",
      "resolved": "https://registry.npmjs.org/glob/-/glob-7.1.1.tgz",
      "integrity": "sha512-mRyN/EsN2SyNhKWykF3eEGhDpeNplMWaW18Bmh76tnOqk5TbELAVwFAYOCmKVssOYFrYvvLMguiA+NXO3ZTuVA==",
      "deprecated": "Glob versions prior to v9 are no longer supported",
      "dev": true,
      "license": "ISC",
      "dependencies": {
        "fs.realpath": "^1.0.0",
        "inflight": "^1.0.4",
        "inherits": "2",
        "minimatch": "^3.0.2",
        "once": "^1.3.0",
        "path-is-absolute": "^1.0.0"
      },
      "engines": {
        "node": "*"
      }
    },
    "node_modules/graceful-readlink": {
      "version": "1.0.1",
      "resolved": "https://registry.npmjs.org/graceful-readlink/-/graceful-readlink-1.0.1.tgz",
      "integrity": "sha512-8tLu60LgxF6XpdbK8OW3FA+IfTNBn1ZHGHKF4KQbEeSkajYw5PlYJcKluntgegDPTg8UkHjpet1T82vk6TQ68w==",
      "dev": true,
      "license": "MIT"
    },
    "node_modules/growl": {
      "version": "1.9.2",
      "resolved": "https://registry.npmjs.org/growl/-/growl-1.9.2.tgz",
      "integrity": "sha512-RTBwDHhNuOx4F0hqzItc/siXCasGfC4DeWcBamclWd+6jWtBaeB/SGbMkGf0eiQoW7ib8JpvOgnUsmgMHI3Mfw==",
      "dev": true,
      "license": "MIT"
    },
    "node_modules/has-flag": {
      "version": "1.0.0",
      "resolved": "https://registry.npmjs.org/has-flag/-/has-flag-1.0.0.tgz",
      "integrity": "sha512-DyYHfIYwAJmjAjSSPKANxI8bFY9YtFrgkAfinBojQ8YJTOuOuav64tMUJv584SES4xl74PmuaevIyaLESHdTAA==",
      "dev": true,
      "license": "MIT",
      "engines": {
        "node": ">=0.10.0"
      }
    },
    "node_modules/icheck": {
      "version": "1.0.2",
      "resolved": "https://registry.npmjs.org/icheck/-/icheck-1.0.2.tgz",
      "integrity": "sha512-1oDqj9ikiH4csFWKZnfbD1S9IY/MqzEt4cir6PIfkT84D/8QYaAZFrplXoyz5eaATmaoawY3KMTkMAO+fP4wGg==",
      "license": "MIT"
    },
    "node_modules/inflight": {
      "version": "1.0.6",
      "resolved": "https://registry.npmjs.org/inflight/-/inflight-1.0.6.tgz",
      "integrity": "sha512-k92I/b08q4wvFscXCLvqfsHCrjrF7yiXsQuIVvVE7N82W3+aqpzuUdBbfhWcy/FZR3/4IgflMgKLOsvPDrGCJA==",
      "deprecated": "This module is not supported, and leaks memory. Do not use it. Check out lru-cache if you want a good and tested way to coalesce async requests by a key value, which is much more comprehensive and powerful.",
      "dev": true,
      "license": "ISC",
      "dependencies": {
        "once": "^1.3.0",
        "wrappy": "1"
      }
    },
    "node_modules/inherits": {
      "version": "2.0.4",
      "resolved": "https://registry.npmjs.org/inherits/-/inherits-2.0.4.tgz",
      "integrity": "sha512-k/vGaX4/Yla3WzyMCvTQOXYeIHvqOKtnqBduzTHpzpQZzAskKMhZ2K+EnBiSM9zGSoIFeMpXKxa4dYeZIQqewQ==",
      "dev": true,
      "license": "ISC"
    },
    "node_modules/inputmask": {
      "version": "3.3.7",
      "resolved": "https://registry.npmjs.org/inputmask/-/inputmask-3.3.7.tgz",
      "integrity": "sha512-uRnLRFMlDTMvBB59L0n55wB8KbQbj2xTaajDeg4bVBCdwwjhwac0o7t0wXDefIxTIacu3KN3Me+Ft7VcJ9b15Q==",
      "license": "MIT"
    },
    "node_modules/ion-rangeslider": {
      "version": "2.1.7",
      "resolved": "https://registry.npmjs.org/ion-rangeslider/-/ion-rangeslider-2.1.7.tgz",
      "integrity": "sha512-Fx0La1Tw2HKozrxg9gJuFu9zWsocpL9WUQ5DJlOxDB81rBNPul4c3yhC0yfGv0nd35fmSaujn4V8Qp/zfUSckQ==",
      "license": "MIT",
      "dependencies": {
        "jquery": ">=1.8"
      }
    },
    "node_modules/ionicons": {
      "version": "2.0.1",
      "resolved": "https://registry.npmjs.org/ionicons/-/ionicons-2.0.1.tgz",
      "integrity": "sha512-ySWjaL3PxB4JFMvr7/02sByWM7TQv1mrvRYFvUwFcVEEHEK/RKEP6MFhcnTmKhoPM6Ih6s5wH003fkVk1wiXLQ==",
      "license": "MIT"
    },
    "node_modules/jquery": {
      "version": "2.2.4",
      "resolved": "https://registry.npmjs.org/jquery/-/jquery-2.2.4.tgz",
      "integrity": "sha512-lBHj60ezci2u1v2FqnZIraShGgEXq35qCzMv4lITyHGppTnA13rwR0MgwyNJh9TnDs3aXUvd1xjAotfraMHX/Q==",
      "deprecated": "This version is deprecated. Please upgrade to the latest version or find support at https://www.herodevs.com/support/jquery-nes.",
      "license": "MIT"
    },
    "node_modules/jquery-knob": {
      "version": "1.2.11",
      "license": "MIT"
    },
    "node_modules/jquery-mousewheel": {
      "version": "3.1.13",
      "resolved": "https://registry.npmjs.org/jquery-mousewheel/-/jquery-mousewheel-3.1.13.tgz",
      "integrity": "sha512-GXhSjfOPyDemM005YCEHvzrEALhKDIswtxSHSR2e4K/suHVJKJxxRCGz3skPjNxjJjQa9AVSGGlYjv1M3VLIPg=="
    },
    "node_modules/jquery-slimscroll": {
      "version": "1.3.8",
      "resolved": "https://registry.npmjs.org/jquery-slimscroll/-/jquery-slimscroll-1.3.8.tgz",
      "integrity": "sha512-3cNGNCq6i3b+rZQOx1tSBlSFewk4X35eUuQmoRVSA4MSytw3rGPvCw6cEB2oEHf+u15RVzgfh4hN+/3dDNzwiQ==",
      "dependencies": {
        "jquery": ">= 1.7"
      }
    },
    "node_modules/jquery-sparkline": {
      "version": "2.4.0",
      "license": "BSD-2-Clause"
    },
    "node_modules/jquery-ui": {
      "version": "1.12.1",
      "resolved": "https://registry.npmjs.org/jquery-ui/-/jquery-ui-1.12.1.tgz",
      "integrity": "sha512-K/kDBMXkTky5LH+gqbMvttU1ipqCTaecKyAFjwHjUnPTVfm5I5PZC7We31iNR3yWtAHNqoxkLoit06lR/gKVlA==",
      "license": "MIT"
    },
    "node_modules/json3": {
      "version": "3.3.2",
      "resolved": "https://registry.npmjs.org/json3/-/json3-3.3.2.tgz",
      "integrity": "sha512-I5YLeauH3rIaE99EE++UeH2M2gSYo8/2TqDac7oZEH6D/DSQ4Woa628Qrfj1X9/OY5Mk5VvIDQaKCDchXaKrmA==",
      "deprecated": "Please use the native JSON object instead of JSON 3",
      "dev": true
    },
    "node_modules/jvectormap": {
      "version": "2.0.4",
      "resolved": "https://registry.npmjs.org/jvectormap/-/jvectormap-2.0.4.tgz",
      "integrity": "sha512-rIgUaNbT6eUuKxba+q265mM3xnjC0hzKlQsM842yKW+o+BMiV1MWUY1YMq+Q+ukyNuGJNRC58EMRnv+/hJSNcQ==",
      "deprecated": "jvectormap is not maintened since Aug 2015. You can use jvectormap-next or jqvmap instead.",
      "dependencies": {
        "jquery": ">=1.5"
      }
    },
    "node_modules/lodash._baseassign": {
      "version": "3.2.0",
      "resolved": "https://registry.npmjs.org/lodash._baseassign/-/lodash._baseassign-3.2.0.tgz",
      "integrity": "sha512-t3N26QR2IdSN+gqSy9Ds9pBu/J1EAFEshKlUHpJG3rvyJOYgcELIxcIeKKfZk7sjOz11cFfzJRsyFry/JyabJQ==",
      "dev": true,
      "license": "MIT",
      "dependencies": {
        "lodash._basecopy": "^3.0.0",
        "lodash.keys": "^3.0.0"
      }
    },
    "node_modules/lodash._basecopy": {
      "version": "3.0.1",
      "resolved": "https://registry.npmjs.org/lodash._basecopy/-/lodash._basecopy-3.0.1.tgz",
      "integrity": "sha512-rFR6Vpm4HeCK1WPGvjZSJ+7yik8d8PVUdCJx5rT2pogG4Ve/2ZS7kfmO5l5T2o5V2mqlNIfSF5MZlr1+xOoYQQ==",
      "dev": true,
      "license": "MIT"
    },
    "node_modules/lodash._basecreate": {
      "version": "3.0.3",
      "resolved": "https://registry.npmjs.org/lodash._basecreate/-/lodash._basecreate-3.0.3.tgz",
      "integrity": "sha512-EDem6C9iQpn7fxnGdmhXmqYGjCkStmDXT4AeyB2Ph8WKbglg4aJZczNkQglj+zWXcOEEkViK8THuV2JvugW47g==",
      "dev": true,
      "license": "MIT"
    },
    "node_modules/lodash._getnative": {
      "version": "3.9.1",
      "resolved": "https://registry.npmjs.org/lodash._getnative/-/lodash._getnative-3.9.1.tgz",
      "integrity": "sha512-RrL9VxMEPyDMHOd9uFbvMe8X55X16/cGM5IgOKgRElQZutpX89iS6vwl64duTV1/16w5JY7tuFNXqoekmh1EmA==",
      "dev": true,
      "license": "MIT"
    },
    "node_modules/lodash._isiterateecall": {
      "version": "3.0.9",
      "resolved": "https://registry.npmjs.org/lodash._isiterateecall/-/lodash._isiterateecall-3.0.9.tgz",
      "integrity": "sha512-De+ZbrMu6eThFti/CSzhRvTKMgQToLxbij58LMfM8JnYDNSOjkjTCIaa8ixglOeGh2nyPlakbt5bJWJ7gvpYlQ==",
      "dev": true,
      "license": "MIT"
    },
    "node_modules/lodash.create": {
      "version": "3.1.1",
      "resolved": "https://registry.npmjs.org/lodash.create/-/lodash.create-3.1.1.tgz",
      "integrity": "sha512-IUfOYwDEbI8JbhW6psW+Ig01BOVK67dTSCUAbS58M0HBkPcAv/jHuxD+oJVP2tUCo3H9L6f/8GM6rxwY+oc7/w==",
      "dev": true,
      "license": "MIT",
      "dependencies": {
        "lodash._baseassign": "^3.0.0",
        "lodash._basecreate": "^3.0.0",
        "lodash._isiterateecall": "^3.0.0"
      }
    },
    "node_modules/lodash.isarguments": {
      "version": "3.1.0",
      "resolved": "https://registry.npmjs.org/lodash.isarguments/-/lodash.isarguments-3.1.0.tgz",
      "integrity": "sha512-chi4NHZlZqZD18a0imDHnZPrDeBbTtVN7GXMwuGdRH9qotxAjYs3aVLKc7zNOG9eddR5Ksd8rvFEBc9SsggPpg==",
      "dev": true,
      "license": "MIT"
    },
    "node_modules/lodash.isarray": {
      "version": "3.0.4",
      "resolved": "https://registry.npmjs.org/lodash.isarray/-/lodash.isarray-3.0.4.tgz",
      "integrity": "sha512-JwObCrNJuT0Nnbuecmqr5DgtuBppuCvGD9lxjFpAzwnVtdGoDQ1zig+5W8k5/6Gcn0gZ3936HDAlGd28i7sOGQ==",
      "dev": true,
      "license": "MIT"
    },
    "node_modules/lodash.keys": {
      "version": "3.1.2",
      "resolved": "https://registry.npmjs.org/lodash.keys/-/lodash.keys-3.1.2.tgz",
      "integrity": "sha512-CuBsapFjcubOGMn3VD+24HOAPxM79tH+V6ivJL3CHYjtrawauDJHUk//Yew9Hvc6e9rbCrURGk8z6PC+8WJBfQ==",
      "dev": true,
      "license": "MIT",
      "dependencies": {
        "lodash._getnative": "^3.0.0",
        "lodash.isarguments": "^3.0.0",
        "lodash.isarray": "^3.0.0"
      }
    },
    "node_modules/minimatch": {
      "version": "3.1.2",
      "resolved": "https://registry.npmjs.org/minimatch/-/minimatch-3.1.2.tgz",
      "integrity": "sha512-J7p63hRiAjw1NDEww1W7i37+ByIrOWO5XQQAzZ3VOcL0PNybwpfmV/N05zFAzwQ9USyEcX6t3UO+K5aqBQOIHw==",
      "dev": true,
      "license": "ISC",
      "dependencies": {
        "brace-expansion": "^1.1.7"
      },
      "engines": {
        "node": "*"
      }
    },
    "node_modules/minimist": {
      "version": "0.0.8",
      "resolved": "https://registry.npmjs.org/minimist/-/minimist-0.0.8.tgz",
      "integrity": "sha512-miQKw5Hv4NS1Psg2517mV4e4dYNaO3++hjAvLOAzKqZ61rH8NS1SK+vbfBWZ5PY/Me/bEWhUwqMghEW5Fb9T7Q==",
      "dev": true,
      "license": "MIT"
    },
    "node_modules/mkdirp": {
      "version": "0.5.1",
      "resolved": "https://registry.npmjs.org/mkdirp/-/mkdirp-0.5.1.tgz",
      "integrity": "sha512-SknJC52obPfGQPnjIkXbmA6+5H15E+fR+E4iR2oQ3zzCLbd7/ONua69R/Gw7AgkTLsRG+r5fzksYwWe1AgTyWA==",
      "deprecated": "Legacy versions of mkdirp are no longer supported. Please update to mkdirp 1.x. (Note that the API surface has changed to use Promises in 1.x.)",
      "dev": true,
      "license": "MIT",
      "dependencies": {
        "minimist": "0.0.8"
      },
      "bin": {
        "mkdirp": "bin/cmd.js"
      }
    },
    "node_modules/mocha": {
      "version": "3.4.2",
      "resolved": "https://registry.npmjs.org/mocha/-/mocha-3.4.2.tgz",
      "integrity": "sha512-19d+WPNPG+gCDZvyw8zMcn1MPl72yfZKuTjC/reTOVOFx3VBHXEwxxJyvi9B4G0RV49jjXs0huLKcG58X9S84Q==",
      "dev": true,
      "license": "MIT",
      "dependencies": {
        "browser-stdout": "1.3.0",
        "commander": "2.9.0",
        "debug": "2.6.0",
        "diff": "3.2.0",
        "escape-string-regexp": "1.0.5",
        "glob": "7.1.1",
        "growl": "1.9.2",
        "json3": "3.3.2",
        "lodash.create": "3.1.1",
        "mkdirp": "0.5.1",
        "supports-color": "3.1.2"
      },
      "bin": {
        "_mocha": "bin/_mocha",
        "mocha": "bin/mocha"
      },
      "engines": {
        "node": ">= 0.10.x",
        "npm": ">= 1.4.x"
      }
    },
    "node_modules/moment": {
      "version": "2.18.1",
      "resolved": "https://registry.npmjs.org/moment/-/moment-2.18.1.tgz",
      "integrity": "sha512-QGcnVKRSEhbWy2i0pqFhjWMCczL/YU5ICMB3maUavFcyUqBszRnzsswvOaGOqSfWZ/R+dMnb9gGBuRT4LMTdVQ==",
      "license": "MIT",
      "engines": {
        "node": "*"
      }
    },
    "node_modules/morris.js": {
      "version": "0.5.0",
      "license": "BSD-2-Clause",
      "engines": {
        "node": ">=0.8 <0.11"
      }
    },
    "node_modules/ms": {
      "version": "0.7.2",
      "resolved": "https://registry.npmjs.org/ms/-/ms-0.7.2.tgz",
      "integrity": "sha512-5NnE67nQSQDJHVahPJna1PQ/zCXMnQop3yUCxjKPNzCxuyPSKWTQ/5Gu5CZmjetwGLWRA+PzeF5thlbOdbQldA==",
      "dev": true,
      "license": "MIT"
    },
    "node_modules/once": {
      "version": "1.4.0",
      "resolved": "https://registry.npmjs.org/once/-/once-1.4.0.tgz",
      "integrity": "sha512-lNaJgI+2Q5URQBkccEKHTQOPaXdUxnZZElQTZY0MFUAuaEqe1E+Nyvgdz/aIyNi6Z9MzO5dv1H8n58/GELp3+w==",
      "dev": true,
      "license": "ISC",
      "dependencies": {
        "wrappy": "1"
      }
    },
    "node_modules/pace-js": {
      "version": "1.0.2",
      "resolved": "https://registry.npmjs.org/pace-js/-/pace-js-1.0.2.tgz",
      "integrity": "sha512-5rIBZm4u7xQz2eYWwatBfUnurKxXRyO6meLvlxhQYyhJZoZDjvLt249nUikj9VMpmtMR0owHqade9RSSNRT/GQ==",
      "license": "MIT"
    },
    "node_modules/path-is-absolute": {
      "version": "1.0.1",
      "resolved": "https://registry.npmjs.org/path-is-absolute/-/path-is-absolute-1.0.1.tgz",
      "integrity": "sha512-AVbw3UJ2e9bq64vSaS9Am0fje1Pa8pbGqTTsmXfaIiMpnr5DlDhfJOuLj9Sf95ZPVDAUerDfEk88MPmPe7UCQg==",
      "dev": true,
      "license": "MIT",
      "engines": {
        "node": ">=0.10.0"
      }
    },
    "node_modules/raphael": {
      "version": "2.2.7",
      "resolved": "https://registry.npmjs.org/raphael/-/raphael-2.2.7.tgz",
      "integrity": "sha512-3Mf8DDgWZpvEp4aXbMyCxLZERHLd9OIfVo0sFIi5NmcTHt4nQXVrMX1C759vMoPSEmI8XhKrbWNYpLlQADs/GQ==",
      "license": "MIT",
      "dependencies": {
        "eve-raphael": "0.5.0"
      }
    },
    "node_modules/select2": {
      "version": "4.0.3",
      "resolved": "https://registry.npmjs.org/select2/-/select2-4.0.3.tgz",
      "integrity": "sha512-VrrDb1ZYi+tkiqbjSQzgaQ6BcltynTfp/2gYrvV32TyvrqTOtiMzH3YlPlhtuO1y+1JDy9gc9vTznFhnsiRQVA==",
      "license": "MIT",
      "dependencies": {
        "almond": "~0.3.1",
        "jquery-mousewheel": "~3.1.13"
      }
    },
    "node_modules/supports-color": {
      "version": "3.1.2",
      "resolved": "https://registry.npmjs.org/supports-color/-/supports-color-3.1.2.tgz",
      "integrity": "sha512-F8dvPrZJtNzvDRX26eNXT4a7AecAvTGljmmnI39xEgSpbHKhQ7N0dO/NTxUExd0wuLHp4zbwYY7lvHq0aKpwrA==",
      "dev": true,
      "license": "MIT",
      "dependencies": {
        "has-flag": "^1.0.0"
      },
      "engines": {
        "node": ">=0.8.0"
      }
    },
    "node_modules/sweetalert2": {
      "version": "11.17.2",
      "resolved": "https://registry.npmjs.org/sweetalert2/-/sweetalert2-11.17.2.tgz",
      "integrity": "sha512-HKxDr1IyV3Lxr3W6sb61qm/p2epFIEdr5EKwteRFHnIg6f8nHFl2kX++DBVz16Mac+fFiU3hMpjq1L6yE2Ge5w==",
      "license": "MIT",
      "funding": {
        "type": "individual",
        "url": "https://github.com/sponsors/limonte"
      }
    },
    "node_modules/wrappy": {
      "version": "1.0.2",
      "resolved": "https://registry.npmjs.org/wrappy/-/wrappy-1.0.2.tgz",
      "integrity": "sha512-l4Sp/DRseor9wL6EvV2+TuQn63dMkPjZ/sp9XkghTEbV9KlPS1xUsZ3u7/IQO4wxtcFB4bgpQPRcR3QCvezPcQ==",
      "dev": true,
      "license": "ISC"
    }
  }
}
